{
    "_readme": [
        "This file locks the dependencies of your project to a known state",
        "Read more about it at https://getcomposer.org/doc/01-basic-usage.md#installing-dependencies",
        "This file is @generated automatically"
    ],
    "content-hash": "0495a3d0d59f0cc399aea93112465a87",
    "packages": [
        {
            "name": "tivins/database",
            "version": "dev-main",
            "source": {
                "type": "git",
                "url": "https://github.com/tivins/database.git",
                "reference": "91b8a59d7849631e2694131cada4ed928af96449"
            },
            "dist": {
                "type": "zip",
                "url": "https://api.github.com/repos/tivins/database/zipball/91b8a59d7849631e2694131cada4ed928af96449",
                "reference": "91b8a59d7849631e2694131cada4ed928af96449",
                "shasum": ""
            },
            "require": {
                "ext-pdo": "*",
                "php": "^8.1"
            },
            "require-dev": {
                "php-coveralls/php-coveralls": "^2.5",
                "phpunit/phpunit": "^9.5"
            },
            "default-branch": true,
            "type": "library",
            "autoload": {
                "psr-4": {
                    "Tivins\\Database\\": "src/"
                }
            },
            "notification-url": "https://packagist.org/downloads/",
            "license": [
                "MIT"
            ],
            "authors": [
                {
                    "name": "Tivins"
                }
            ],
            "description": "A fluent, lightweight, and efficient PDO wrapper.",
            "keywords": [
                "database",
                "fluent",
                "mysql",
                "pdo",
                "php",
                "query",
                "sqlite"
            ],
            "support": {
                "issues": "https://github.com/tivins/database/issues",
                "source": "https://github.com/tivins/database/tree/main"
            },
            "time": "2023-02-25T17:36:11+00:00"
        }
    ],
    "packages-dev": [],
    "aliases": [],
    "minimum-stability": "stable",
    "stability-flags": {
        "tivins/database": 20
    },
    "prefer-stable": false,
    "prefer-lowest": false,
    "platform": {
        "php": ">=8.2",
        "ext-json": "*"
    },
    "platform-dev": [],
    "plugin-api-version": "2.6.0"
}
